// !$*UTF8*$!
{
	archiveVersion = 1;
	classes = {
	};
	objectVersion = 50;
	objects = {

/* Begin PBXBuildFile section */
		7E3141E725F8C3A6000B17AC /* TableViewCell.swift in Sources */ = {isa = PBXBuildFile; fileRef = 7E3141E625F8C3A6000B17AC /* TableViewCell.swift */; };
		7E3141EA25F8C4E3000B17AC /* Comment.swift in Sources */ = {isa = PBXBuildFile; fileRef = 7E3141E925F8C4E3000B17AC /* Comment.swift */; };
		7E3141F025F8C7CB000B17AC /* NetworkService.swift in Sources */ = {isa = PBXBuildFile; fileRef = 7E3141EF25F8C7CB000B17AC /* NetworkService.swift */; };
		7E782BFA25F8B8B500ACBF16 /* AppDelegate.swift in Sources */ = {isa = PBXBuildFile; fileRef = 7E782BF925F8B8B500ACBF16 /* AppDelegate.swift */; };
		7E782BFC25F8B8B500ACBF16 /* SceneDelegate.swift in Sources */ = {isa = PBXBuildFile; fileRef = 7E782BFB25F8B8B500ACBF16 /* SceneDelegate.swift */; };
		7E782BFE25F8B8B500ACBF16 /* CommentsViewController.swift in Sources */ = {isa = PBXBuildFile; fileRef = 7E782BFD25F8B8B500ACBF16 /* CommentsViewController.swift */; };
		7E782C0125F8B8B500ACBF16 /* Main.storyboard in Resources */ = {isa = PBXBuildFile; fileRef = 7E782BFF25F8B8B500ACBF16 /* Main.storyboard */; };
		7E782C0325F8B8BB00ACBF16 /* Assets.xcassets in Resources */ = {isa = PBXBuildFile; fileRef = 7E782C0225F8B8BB00ACBF16 /* Assets.xcassets */; };
		7E782C0625F8B8BB00ACBF16 /* LaunchScreen.storyboard in Resources */ = {isa = PBXBuildFile; fileRef = 7E782C0425F8B8BB00ACBF16 /* LaunchScreen.storyboard */; };
/* End PBXBuildFile section */

/* Begin PBXFileReference section */
		7E3141E625F8C3A6000B17AC /* TableViewCell.swift */ = {isa = PBXFileReference; lastKnownFileType = sourcecode.swift; path = TableViewCell.swift; sourceTree = "<group>"; };
		7E3141E925F8C4E3000B17AC /* Comment.swift */ = {isa = PBXFileReference; lastKnownFileType = sourcecode.swift; path = Comment.swift; sourceTree = "<group>"; };
		7E3141EF25F8C7CB000B17AC /* NetworkService.swift */ = {isa = PBXFileReference; lastKnownFileType = sourcecode.swift; path = NetworkService.swift; sourceTree = "<group>"; };
		7E782BF625F8B8B500ACBF16 /* MVC-Network.app */ = {isa = PBXFileReference; explicitFileType = wrapper.application; includeInIndex = 0; path = "MVC-Network.app"; sourceTree = BUILT_PRODUCTS_DIR; };
		7E782BF925F8B8B500ACBF16 /* AppDelegate.swift */ = {isa = PBXFileReference; lastKnownFileType = sourcecode.swift; path = AppDelegate.swift; sourceTree = "<group>"; };
		7E782BFB25F8B8B500ACBF16 /* SceneDelegate.swift */ = {isa = PBXFileReference; lastKnownFileType = sourcecode.swift; path = SceneDelegate.swift; sourceTree = "<group>"; };
		7E782BFD25F8B8B500ACBF16 /* CommentsViewController.swift */ = {isa = PBXFileReference; lastKnownFileType = sourcecode.swift; path = CommentsViewController.swift; sourceTree = "<group>"; };
		7E782C0025F8B8B500ACBF16 /* Base */ = {isa = PBXFileReference; lastKnownFileType = file.storyboard; name = Base; path = Base.lproj/Main.storyboard; sourceTree = "<group>"; };
		7E782C0225F8B8BB00ACBF16 /* Assets.xcassets */ = {isa = PBXFileReference; lastKnownFileType = folder.assetcatalog; path = Assets.xcassets; sourceTree = "<group>"; };
		7E782C0525F8B8BB00ACBF16 /* Base */ = {isa = PBXFileReference; lastKnownFileType = file.storyboard; name = Base; path = Base.lproj/LaunchScreen.storyboard; sourceTree = "<group>"; };
		7E782C0725F8B8BB00ACBF16 /* Info.plist */ = {isa = PBXFileReference; lastKnownFileType = text.plist.xml; path = Info.plist; sourceTree = "<group>"; };
/* End PBXFileReference section */

/* Begin PBXFrameworksBuildPhase section */
		7E782BF325F8B8B500ACBF16 /* Frameworks */ = {
			isa = PBXFrameworksBuildPhase;
			buildActionMask = 2147483647;
			files = (
			);
			runOnlyForDeploymentPostprocessing = 0;
		};
/* End PBXFrameworksBuildPhase section */

/* Begin PBXGroup section */
		7E3141ED25F8C777000B17AC /* Network Service */ = {
			isa = PBXGroup;
			children = (
				7E3141EF25F8C7CB000B17AC /* NetworkService.swift */,
			);
			path = "Network Service";
			sourceTree = "<group>";
		};
		7E3141EE25F8C787000B17AC /* Network Service */ = {
			isa = PBXGroup;
			children = (
			);
			path = "Network Service";
			sourceTree = "<group>";
		};
		7E782BED25F8B8B500ACBF16 = {
			isa = PBXGroup;
			children = (
				7E782BF825F8B8B500ACBF16 /* MVC-Network */,
				7E782BF725F8B8B500ACBF16 /* Products */,
			);
			sourceTree = "<group>";
		};
		7E782BF725F8B8B500ACBF16 /* Products */ = {
			isa = PBXGroup;
			children = (
				7E782BF625F8B8B500ACBF16 /* MVC-Network.app */,
			);
			name = Products;
			sourceTree = "<group>";
		};
		7E782BF825F8B8B500ACBF16 /* MVC-Network */ = {
			isa = PBXGroup;
			children = (
				7E782C1C25F8B9F200ACBF16 /* Application */,
				7E782C1B25F8B9DC00ACBF16 /* Comments */,
				7E782C1125F8B92F00ACBF16 /* Delegate */,
				7E782C0E25F8B8FB00ACBF16 /* Supporting Files */,
			);
			path = "MVC-Network";
			sourceTree = "<group>";
		};
		7E782C0E25F8B8FB00ACBF16 /* Supporting Files */ = {
			isa = PBXGroup;
			children = (
				7E782C0225F8B8BB00ACBF16 /* Assets.xcassets */,
				7E782C0725F8B8BB00ACBF16 /* Info.plist */,
			);
			path = "Supporting Files";
			sourceTree = "<group>";
		};
		7E782C0F25F8B92600ACBF16 /* View */ = {
			isa = PBXGroup;
			children = (
				7E782BFF25F8B8B500ACBF16 /* Main.storyboard */,
				7E782C0425F8B8BB00ACBF16 /* LaunchScreen.storyboard */,
				7E3141E625F8C3A6000B17AC /* TableViewCell.swift */,
			);
			path = View;
			sourceTree = "<group>";
		};
		7E782C1125F8B92F00ACBF16 /* Delegate */ = {
			isa = PBXGroup;
			children = (
				7E782BF925F8B8B500ACBF16 /* AppDelegate.swift */,
				7E782BFB25F8B8B500ACBF16 /* SceneDelegate.swift */,
			);
			path = Delegate;
			sourceTree = "<group>";
		};
		7E782C1325F8B93A00ACBF16 /* Controller */ = {
			isa = PBXGroup;
			children = (
				7E782BFD25F8B8B500ACBF16 /* CommentsViewController.swift */,
			);
			path = Controller;
			sourceTree = "<group>";
		};
		7E782C1525F8B94500ACBF16 /* Model */ = {
			isa = PBXGroup;
			children = (
				7E3141E925F8C4E3000B17AC /* Comment.swift */,
			);
			path = Model;
			sourceTree = "<group>";
		};
		7E782C1B25F8B9DC00ACBF16 /* Comments */ = {
			isa = PBXGroup;
			children = (
				7E782C1525F8B94500ACBF16 /* Model */,
				7E782C0F25F8B92600ACBF16 /* View */,
				7E782C1325F8B93A00ACBF16 /* Controller */,
				7E3141EE25F8C787000B17AC /* Network Service */,
			);
			path = Comments;
			sourceTree = "<group>";
		};
		7E782C1C25F8B9F200ACBF16 /* Application */ = {
			isa = PBXGroup;
			children = (
				7E782C1D25F8B9FC00ACBF16 /* Model */,
				7E782C1E25F8BA0F00ACBF16 /* View */,
				7E782C1F25F8BA1500ACBF16 /* Controller */,
				7E3141ED25F8C777000B17AC /* Network Service */,
			);
			path = Application;
			sourceTree = "<group>";
		};
		7E782C1D25F8B9FC00ACBF16 /* Model */ = {
			isa = PBXGroup;
			children = (
			);
			path = Model;
			sourceTree = "<group>";
		};
		7E782C1E25F8BA0F00ACBF16 /* View */ = {
			isa = PBXGroup;
			children = (
			);
			path = View;
			sourceTree = "<group>";
		};
		7E782C1F25F8BA1500ACBF16 /* Controller */ = {
			isa = PBXGroup;
			children = (
			);
			path = Controller;
			sourceTree = "<group>";
		};
/* End PBXGroup section */

/* Begin PBXNativeTarget section */
		7E782BF525F8B8B500ACBF16 /* MVC-Network */ = {
			isa = PBXNativeTarget;
			buildConfigurationList = 7E782C0A25F8B8BB00ACBF16 /* Build configuration list for PBXNativeTarget "MVC-Network" */;
			buildPhases = (
				7E782BF225F8B8B500ACBF16 /* Sources */,
				7E782BF325F8B8B500ACBF16 /* Frameworks */,
				7E782BF425F8B8B500ACBF16 /* Resources */,
			);
			buildRules = (
			);
			dependencies = (
			);
			name = "MVC-Network";
			productName = "MVC-Network";
			productReference = 7E782BF625F8B8B500ACBF16 /* MVC-Network.app */;
			productType = "com.apple.product-type.application";
		};
/* End PBXNativeTarget section */

/* Begin PBXProject section */
		7E782BEE25F8B8B500ACBF16 /* Project object */ = {
			isa = PBXProject;
			attributes = {
				LastSwiftUpdateCheck = 1220;
				LastUpgradeCheck = 1220;
				TargetAttributes = {
					7E782BF525F8B8B500ACBF16 = {
						CreatedOnToolsVersion = 12.2;
					};
				};
			};
			buildConfigurationList = 7E782BF125F8B8B500ACBF16 /* Build configuration list for PBXProject "MVC-Network" */;
			compatibilityVersion = "Xcode 9.3";
			developmentRegion = en;
			hasScannedForEncodings = 0;
			knownRegions = (
				en,
				Base,
			);
			mainGroup = 7E782BED25F8B8B500ACBF16;
			productRefGroup = 7E782BF725F8B8B500ACBF16 /* Products */;
			projectDirPath = "";
			projectRoot = "";
			targets = (
				7E782BF525F8B8B500ACBF16 /* MVC-Network */,
			);
		};
/* End PBXProject section */

/* Begin PBXResourcesBuildPhase section */
		7E782BF425F8B8B500ACBF16 /* Resources */ = {
			isa = PBXResourcesBuildPhase;
			buildActionMask = 2147483647;
			files = (
				7E782C0625F8B8BB00ACBF16 /* LaunchScreen.storyboard in Resources */,
				7E782C0325F8B8BB00ACBF16 /* Assets.xcassets in Resources */,
				7E782C0125F8B8B500ACBF16 /* Main.storyboard in Resources */,
			);
			runOnlyForDeploymentPostprocessing = 0;
		};
/* End PBXResourcesBuildPhase section */

/* Begin PBXSourcesBuildPhase section */
		7E782BF225F8B8B500ACBF16 /* Sources */ = {
			isa = PBXSourcesBuildPhase;
			buildActionMask = 2147483647;
			files = (
				7E3141E725F8C3A6000B17AC /* TableViewCell.swift in Sources */,
				7E3141EA25F8C4E3000B17AC /* Comment.swift in Sources */,
				7E782BFE25F8B8B500ACBF16 /* CommentsViewController.swift in Sources */,
				7E782BFA25F8B8B500ACBF16 /* AppDelegate.swift in Sources */,
				7E782BFC25F8B8B500ACBF16 /* SceneDelegate.swift in Sources */,
				7E3141F025F8C7CB000B17AC /* NetworkService.swift in Sources */,
			);
			runOnlyForDeploymentPostprocessing = 0;
		};
/* End PBXSourcesBuildPhase section */

/* Begin PBXVariantGroup section */
		7E782BFF25F8B8B500ACBF16 /* Main.storyboard */ = {
			isa = PBXVariantGroup;
			children = (
				7E782C0025F8B8B500ACBF16 /* Base */,
			);
			name = Main.storyboard;
			sourceTree = "<group>";
		};
		7E782C0425F8B8BB00ACBF16 /* LaunchScreen.storyboard */ = {
			isa = PBXVariantGroup;
			children = (
				7E782C0525F8B8BB00ACBF16 /* Base */,
			);
			name = LaunchScreen.storyboard;
			sourceTree = "<group>";
		};
/* End PBXVariantGroup section */

/* Begin XCBuildConfiguration section */
		7E782C0825F8B8BB00ACBF16 /* Debug */ = {
			isa = XCBuildConfiguration;
			buildSettings = {
				ALWAYS_SEARCH_USER_PATHS = NO;
				CLANG_ANALYZER_NONNULL = YES;
				CLANG_ANALYZER_NUMBER_OBJECT_CONVERSION = YES_AGGRESSIVE;
				CLANG_CXX_LANGUAGE_STANDARD = "gnu++14";
				CLANG_CXX_LIBRARY = "libc++";
				CLANG_ENABLE_MODULES = YES;
				CLANG_ENABLE_OBJC_ARC = YES;
				CLANG_ENABLE_OBJC_WEAK = YES;
				CLANG_WARN_BLOCK_CAPTURE_AUTORELEASING = YES;
				CLANG_WARN_BOOL_CONVERSION = YES;
				CLANG_WARN_COMMA = YES;
				CLANG_WARN_CONSTANT_CONVERSION = YES;
				CLANG_WARN_DEPRECATED_OBJC_IMPLEMENTATIONS = YES;
				CLANG_WARN_DIRECT_OBJC_ISA_USAGE = YES_ERROR;
				CLANG_WARN_DOCUMENTATION_COMMENTS = YES;
				CLANG_WARN_EMPTY_BODY = YES;
				CLANG_WARN_ENUM_CONVERSION = YES;
				CLANG_WARN_INFINITE_RECURSION = YES;
				CLANG_WARN_INT_CONVERSION = YES;
				CLANG_WARN_NON_LITERAL_NULL_CONVERSION = YES;
				CLANG_WARN_OBJC_IMPLICIT_RETAIN_SELF = YES;
				CLANG_WARN_OBJC_LITERAL_CONVERSION = YES;
				CLANG_WARN_OBJC_ROOT_CLASS = YES_ERROR;
				CLANG_WARN_QUOTED_INCLUDE_IN_FRAMEWORK_HEADER = YES;
				CLANG_WARN_RANGE_LOOP_ANALYSIS = YES;
				CLANG_WARN_STRICT_PROTOTYPES = YES;
				CLANG_WARN_SUSPICIOUS_MOVE = YES;
				CLANG_WARN_UNGUARDED_AVAILABILITY = YES_AGGRESSIVE;
				CLANG_WARN_UNREACHABLE_CODE = YES;
				CLANG_WARN__DUPLICATE_METHOD_MATCH = YES;
				COPY_PHASE_STRIP = NO;
				DEBUG_INFORMATION_FORMAT = dwarf;
				ENABLE_STRICT_OBJC_MSGSEND = YES;
				ENABLE_TESTABILITY = YES;
				GCC_C_LANGUAGE_STANDARD = gnu11;
				GCC_DYNAMIC_NO_PIC = NO;
				GCC_NO_COMMON_BLOCKS = YES;
				GCC_OPTIMIZATION_LEVEL = 0;
				GCC_PREPROCESSOR_DEFINITIONS = (
					"DEBUG=1",
					"$(inherited)",
				);
				GCC_WARN_64_TO_32_BIT_CONVERSION = YES;
				GCC_WARN_ABOUT_RETURN_TYPE = YES_ERROR;
				GCC_WARN_UNDECLARED_SELECTOR = YES;
				GCC_WARN_UNINITIALIZED_AUTOS = YES_AGGRESSIVE;
				GCC_WARN_UNUSED_FUNCTION = YES;
				GCC_WARN_UNUSED_VARIABLE = YES;
				IPHONEOS_DEPLOYMENT_TARGET = 14.0;
				MTL_ENABLE_DEBUG_INFO = INCLUDE_SOURCE;
				MTL_FAST_MATH = YES;
				ONLY_ACTIVE_ARCH = YES;
				SDKROOT = iphoneos;
				SWIFT_ACTIVE_COMPILATION_CONDITIONS = DEBUG;
				SWIFT_OPTIMIZATION_LEVEL = "-Onone";
			};
			name = Debug;
		};
		7E782C0925F8B8BB00ACBF16 /* Release */ = {
			isa = XCBuildConfiguration;
			buildSettings = {
				ALWAYS_SEARCH_USER_PATHS = NO;
				CLANG_ANALYZER_NONNULL = YES;
				CLANG_ANALYZER_NUMBER_OBJECT_CONVERSION = YES_AGGRESSIVE;
				CLANG_CXX_LANGUAGE_STANDARD = "gnu++14";
				CLANG_CXX_LIBRARY = "libc++";
				CLANG_ENABLE_MODULES = YES;
				CLANG_ENABLE_OBJC_ARC = YES;
				CLANG_ENABLE_OBJC_WEAK = YES;
				CLANG_WARN_BLOCK_CAPTURE_AUTORELEASING = YES;
				CLANG_WARN_BOOL_CONVERSION = YES;
				CLANG_WARN_COMMA = YES;
				CLANG_WARN_CONSTANT_CONVERSION = YES;
				CLANG_WARN_DEPRECATED_OBJC_IMPLEMENTATIONS = YES;
				CLANG_WARN_DIRECT_OBJC_ISA_USAGE = YES_ERROR;
				CLANG_WARN_DOCUMENTATION_COMMENTS = YES;
				CLANG_WARN_EMPTY_BODY = YES;
				CLANG_WARN_ENUM_CONVERSION = YES;
				CLANG_WARN_INFINITE_RECURSION = YES;
				CLANG_WARN_INT_CONVERSION = YES;
				CLANG_WARN_NON_LITERAL_NULL_CONVERSION = YES;
				CLANG_WARN_OBJC_IMPLICIT_RETAIN_SELF = YES;
				CLANG_WARN_OBJC_LITERAL_CONVERSION = YES;
				CLANG_WARN_OBJC_ROOT_CLASS = YES_ERROR;
				CLANG_WARN_QUOTED_INCLUDE_IN_FRAMEWORK_HEADER = YES;
				CLANG_WARN_RANGE_LOOP_ANALYSIS = YES;
				CLANG_WARN_STRICT_PROTOTYPES = YES;
				CLANG_WARN_SUSPICIOUS_MOVE = YES;
				CLANG_WARN_UNGUARDED_AVAILABILITY = YES_AGGRESSIVE;
				CLANG_WARN_UNREACHABLE_CODE = YES;
				CLANG_WARN__DUPLICATE_METHOD_MATCH = YES;
				COPY_PHASE_STRIP = NO;
				DEBUG_INFORMATION_FORMAT = "dwarf-with-dsym";
				ENABLE_NS_ASSERTIONS = NO;
				ENABLE_STRICT_OBJC_MSGSEND = YES;
				GCC_C_LANGUAGE_STANDARD = gnu11;
				GCC_NO_COMMON_BLOCKS = YES;
				GCC_WARN_64_TO_32_BIT_CONVERSION = YES;
				GCC_WARN_ABOUT_RETURN_TYPE = YES_ERROR;
				GCC_WARN_UNDECLARED_SELECTOR = YES;
				GCC_WARN_UNINITIALIZED_AUTOS = YES_AGGRESSIVE;
				GCC_WARN_UNUSED_FUNCTION = YES;
				GCC_WARN_UNUSED_VARIABLE = YES;
				IPHONEOS_DEPLOYMENT_TARGET = 14.0;
				MTL_ENABLE_DEBUG_INFO = NO;
				MTL_FAST_MATH = YES;
				SDKROOT = iphoneos;
				SWIFT_COMPILATION_MODE = wholemodule;
				SWIFT_OPTIMIZATION_LEVEL = "-O";
				VALIDATE_PRODUCT = YES;
			};
			name = Release;
		};
		7E782C0B25F8B8BB00ACBF16 /* Debug */ = {
			isa = XCBuildConfiguration;
			buildSettings = {
				ASSETCATALOG_COMPILER_APPICON_NAME = AppIcon;
				ASSETCATALOG_COMPILER_GLOBAL_ACCENT_COLOR_NAME = AccentColor;
				CODE_SIGN_STYLE = Automatic;
				INFOPLIST_FILE = "MVC-Network/Supporting Files/Info.plist";
				IPHONEOS_DEPLOYMENT_TARGET = 14.0;
				LD_RUNPATH_SEARCH_PATHS = (
					"$(inherited)",
					"@executable_path/Frameworks",
				);
				PRODUCT_BUNDLE_IDENTIFIER = "eldaroid.MVC-Network";
				PRODUCT_NAME = "$(TARGET_NAME)";
				SWIFT_VERSION = 5.0;
				TARGETED_DEVICE_FAMILY = "1,2";
			};
			name = Debug;
		};
		7E782C0C25F8B8BB00ACBF16 /* Release */ = {
			isa = XCBuildConfiguration;
			buildSettings = {
				ASSETCATALOG_COMPILER_APPICON_NAME = AppIcon;
				ASSETCATALOG_COMPILER_GLOBAL_ACCENT_COLOR_NAME = AccentColor;
				CODE_SIGN_STYLE = Automatic;
				INFOPLIST_FILE = "MVC-Network/Supporting Files/Info.plist";
				IPHONEOS_DEPLOYMENT_TARGET = 14.0;
				LD_RUNPATH_SEARCH_PATHS = (
					"$(inherited)",
					"@executable_path/Frameworks",
				);
				PRODUCT_BUNDLE_IDENTIFIER = "eldaroid.MVC-Network";
				PRODUCT_NAME = "$(TARGET_NAME)";
				SWIFT_VERSION = 5.0;
				TARGETED_DEVICE_FAMILY = "1,2";
			};
			name = Release;
		};
/* End XCBuildConfiguration section */

/* Begin XCConfigurationList section */
		7E782BF125F8B8B500ACBF16 /* Build configuration list for PBXProject "MVC-Network" */ = {
			isa = XCConfigurationList;
			buildConfigurations = (
				7E782C0825F8B8BB00ACBF16 /* Debug */,
				7E782C0925F8B8BB00ACBF16 /* Release */,
			);
			defaultConfigurationIsVisible = 0;
			defaultConfigurationName = Release;
		};
		7E782C0A25F8B8BB00ACBF16 /* Build configuration list for PBXNativeTarget "MVC-Network" */ = {
			isa = XCConfigurationList;
			buildConfigurations = (
				7E782C0B25F8B8BB00ACBF16 /* Debug */,
				7E782C0C25F8B8BB00ACBF16 /* Release */,
			);
			defaultConfigurationIsVisible = 0;
			defaultConfigurationName = Release;
		};
/* End XCConfigurationList section */
	};
	rootObject = 7E782BEE25F8B8B500ACBF16 /* Project object */;
}
