// !$*UTF8*$!
{
	archiveVersion = 1;
	classes = {
	};
	objectVersion = 50;
	objects = {

/* Begin PBXBuildFile section */
		7E00132025F4EE07001E9DEA /* DetailViewController.swift in Sources */ = {isa = PBXBuildFile; fileRef = 7E00131F25F4EE07001E9DEA /* DetailViewController.swift */; };
		7E00132325F4EF1E001E9DEA /* DetailViewModelType.swift in Sources */ = {isa = PBXBuildFile; fileRef = 7E00132225F4EF1E001E9DEA /* DetailViewModelType.swift */; };
		7E00132625F4EFFD001E9DEA /* DetailViewModel.swift in Sources */ = {isa = PBXBuildFile; fileRef = 7E00132525F4EFFD001E9DEA /* DetailViewModel.swift */; };
		7E510A7D25F3838000C217F9 /* ViewModel.swift in Sources */ = {isa = PBXBuildFile; fileRef = 7E510A7C25F3838000C217F9 /* ViewModel.swift */; };
		7E510A8025F3842D00C217F9 /* TableViewViewModelType.swift in Sources */ = {isa = PBXBuildFile; fileRef = 7E510A7F25F3842D00C217F9 /* TableViewViewModelType.swift */; };
		7E7DBA0225F2C3BF0047F404 /* AppDelegate.swift in Sources */ = {isa = PBXBuildFile; fileRef = 7E7DBA0125F2C3BF0047F404 /* AppDelegate.swift */; };
		7E7DBA0425F2C3BF0047F404 /* SceneDelegate.swift in Sources */ = {isa = PBXBuildFile; fileRef = 7E7DBA0325F2C3BF0047F404 /* SceneDelegate.swift */; };
		7E7DBA0925F2C3BF0047F404 /* Main.storyboard in Resources */ = {isa = PBXBuildFile; fileRef = 7E7DBA0725F2C3BF0047F404 /* Main.storyboard */; };
		7E7DBA0B25F2C3C50047F404 /* Assets.xcassets in Resources */ = {isa = PBXBuildFile; fileRef = 7E7DBA0A25F2C3C50047F404 /* Assets.xcassets */; };
		7E7DBA0E25F2C3C50047F404 /* LaunchScreen.storyboard in Resources */ = {isa = PBXBuildFile; fileRef = 7E7DBA0C25F2C3C50047F404 /* LaunchScreen.storyboard */; };
		7E7DBA1825F2C4D40047F404 /* TableViewController.swift in Sources */ = {isa = PBXBuildFile; fileRef = 7E7DBA1725F2C4D40047F404 /* TableViewController.swift */; };
		7E7DBA1C25F2C65B0047F404 /* Profile.swift in Sources */ = {isa = PBXBuildFile; fileRef = 7E7DBA1B25F2C65B0047F404 /* Profile.swift */; };
		7E7DBA1F25F2C9710047F404 /* TableViewCell.swift in Sources */ = {isa = PBXBuildFile; fileRef = 7E7DBA1E25F2C9710047F404 /* TableViewCell.swift */; };
		7E8605EA25F3BFA300FFD66C /* TableViewCellViewModelType.swift in Sources */ = {isa = PBXBuildFile; fileRef = 7E8605E925F3BFA300FFD66C /* TableViewCellViewModelType.swift */; };
		7E8605ED25F3C0D400FFD66C /* TableViewCellViewModel.swift in Sources */ = {isa = PBXBuildFile; fileRef = 7E8605EC25F3C0D400FFD66C /* TableViewCellViewModel.swift */; };
/* End PBXBuildFile section */

/* Begin PBXFileReference section */
		7E00131F25F4EE07001E9DEA /* DetailViewController.swift */ = {isa = PBXFileReference; lastKnownFileType = sourcecode.swift; path = DetailViewController.swift; sourceTree = "<group>"; };
		7E00132225F4EF1E001E9DEA /* DetailViewModelType.swift */ = {isa = PBXFileReference; lastKnownFileType = sourcecode.swift; path = DetailViewModelType.swift; sourceTree = "<group>"; };
		7E00132525F4EFFD001E9DEA /* DetailViewModel.swift */ = {isa = PBXFileReference; lastKnownFileType = sourcecode.swift; path = DetailViewModel.swift; sourceTree = "<group>"; };
		7E510A7C25F3838000C217F9 /* ViewModel.swift */ = {isa = PBXFileReference; lastKnownFileType = sourcecode.swift; path = ViewModel.swift; sourceTree = "<group>"; };
		7E510A7F25F3842D00C217F9 /* TableViewViewModelType.swift */ = {isa = PBXFileReference; lastKnownFileType = sourcecode.swift; path = TableViewViewModelType.swift; sourceTree = "<group>"; };
		7E7DB9FE25F2C3BF0047F404 /* MVVM-2.app */ = {isa = PBXFileReference; explicitFileType = wrapper.application; includeInIndex = 0; path = "MVVM-2.app"; sourceTree = BUILT_PRODUCTS_DIR; };
		7E7DBA0125F2C3BF0047F404 /* AppDelegate.swift */ = {isa = PBXFileReference; lastKnownFileType = sourcecode.swift; path = AppDelegate.swift; sourceTree = "<group>"; };
		7E7DBA0325F2C3BF0047F404 /* SceneDelegate.swift */ = {isa = PBXFileReference; lastKnownFileType = sourcecode.swift; path = SceneDelegate.swift; sourceTree = "<group>"; };
		7E7DBA0825F2C3BF0047F404 /* Base */ = {isa = PBXFileReference; lastKnownFileType = file.storyboard; name = Base; path = Base.lproj/Main.storyboard; sourceTree = "<group>"; };
		7E7DBA0A25F2C3C50047F404 /* Assets.xcassets */ = {isa = PBXFileReference; lastKnownFileType = folder.assetcatalog; path = Assets.xcassets; sourceTree = "<group>"; };
		7E7DBA0D25F2C3C50047F404 /* Base */ = {isa = PBXFileReference; lastKnownFileType = file.storyboard; name = Base; path = Base.lproj/LaunchScreen.storyboard; sourceTree = "<group>"; };
		7E7DBA0F25F2C3C50047F404 /* Info.plist */ = {isa = PBXFileReference; lastKnownFileType = text.plist.xml; path = Info.plist; sourceTree = "<group>"; };
		7E7DBA1725F2C4D40047F404 /* TableViewController.swift */ = {isa = PBXFileReference; lastKnownFileType = sourcecode.swift; path = TableViewController.swift; sourceTree = "<group>"; };
		7E7DBA1B25F2C65B0047F404 /* Profile.swift */ = {isa = PBXFileReference; lastKnownFileType = sourcecode.swift; path = Profile.swift; sourceTree = "<group>"; };
		7E7DBA1E25F2C9710047F404 /* TableViewCell.swift */ = {isa = PBXFileReference; lastKnownFileType = sourcecode.swift; path = TableViewCell.swift; sourceTree = "<group>"; };
		7E8605E925F3BFA300FFD66C /* TableViewCellViewModelType.swift */ = {isa = PBXFileReference; lastKnownFileType = sourcecode.swift; path = TableViewCellViewModelType.swift; sourceTree = "<group>"; };
		7E8605EC25F3C0D400FFD66C /* TableViewCellViewModel.swift */ = {isa = PBXFileReference; lastKnownFileType = sourcecode.swift; path = TableViewCellViewModel.swift; sourceTree = "<group>"; };
/* End PBXFileReference section */

/* Begin PBXFrameworksBuildPhase section */
		7E7DB9FB25F2C3BF0047F404 /* Frameworks */ = {
			isa = PBXFrameworksBuildPhase;
			buildActionMask = 2147483647;
			files = (
			);
			runOnlyForDeploymentPostprocessing = 0;
		};
/* End PBXFrameworksBuildPhase section */

/* Begin PBXGroup section */
		7E510A8225F38B9800C217F9 /* ViewModel */ = {
			isa = PBXGroup;
			children = (
				7E510A7C25F3838000C217F9 /* ViewModel.swift */,
				7E8605EC25F3C0D400FFD66C /* TableViewCellViewModel.swift */,
				7E00132525F4EFFD001E9DEA /* DetailViewModel.swift */,
			);
			path = ViewModel;
			sourceTree = "<group>";
		};
		7E510A8325F38C5100C217F9 /* Supporting Files */ = {
			isa = PBXGroup;
			children = (
				7E7DBA0A25F2C3C50047F404 /* Assets.xcassets */,
				7E7DBA0F25F2C3C50047F404 /* Info.plist */,
			);
			path = "Supporting Files";
			sourceTree = "<group>";
		};
		7E510A8A25F38FD000C217F9 /* Delegate */ = {
			isa = PBXGroup;
			children = (
				7E7DBA0325F2C3BF0047F404 /* SceneDelegate.swift */,
				7E7DBA0125F2C3BF0047F404 /* AppDelegate.swift */,
			);
			path = Delegate;
			sourceTree = "<group>";
		};
		7E7DB9F525F2C3BF0047F404 = {
			isa = PBXGroup;
			children = (
				7E7DBA0025F2C3BF0047F404 /* MVVM-2 */,
				7E7DB9FF25F2C3BF0047F404 /* Products */,
			);
			sourceTree = "<group>";
		};
		7E7DB9FF25F2C3BF0047F404 /* Products */ = {
			isa = PBXGroup;
			children = (
				7E7DB9FE25F2C3BF0047F404 /* MVVM-2.app */,
			);
			name = Products;
			sourceTree = "<group>";
		};
		7E7DBA0025F2C3BF0047F404 /* MVVM-2 */ = {
			isa = PBXGroup;
			children = (
				7E510A8A25F38FD000C217F9 /* Delegate */,
				7E7DBA2125F2CA890047F404 /* Model */,
				7E7DBA2225F2CA9B0047F404 /* View */,
				7E510A8225F38B9800C217F9 /* ViewModel */,
				7E510A8325F38C5100C217F9 /* Supporting Files */,
			);
			path = "MVVM-2";
			sourceTree = "<group>";
		};
		7E7DBA2125F2CA890047F404 /* Model */ = {
			isa = PBXGroup;
			children = (
				7E7DBA1B25F2C65B0047F404 /* Profile.swift */,
				7E510A7F25F3842D00C217F9 /* TableViewViewModelType.swift */,
				7E8605E925F3BFA300FFD66C /* TableViewCellViewModelType.swift */,
				7E00132225F4EF1E001E9DEA /* DetailViewModelType.swift */,
			);
			path = Model;
			sourceTree = "<group>";
		};
		7E7DBA2225F2CA9B0047F404 /* View */ = {
			isa = PBXGroup;
			children = (
				7E7DBA0C25F2C3C50047F404 /* LaunchScreen.storyboard */,
				7E7DBA0725F2C3BF0047F404 /* Main.storyboard */,
				7E7DBA1725F2C4D40047F404 /* TableViewController.swift */,
				7E7DBA1E25F2C9710047F404 /* TableViewCell.swift */,
				7E00131F25F4EE07001E9DEA /* DetailViewController.swift */,
			);
			path = View;
			sourceTree = "<group>";
		};
/* End PBXGroup section */

/* Begin PBXNativeTarget section */
		7E7DB9FD25F2C3BF0047F404 /* MVVM-2 */ = {
			isa = PBXNativeTarget;
			buildConfigurationList = 7E7DBA1225F2C3C50047F404 /* Build configuration list for PBXNativeTarget "MVVM-2" */;
			buildPhases = (
				7E7DB9FA25F2C3BF0047F404 /* Sources */,
				7E7DB9FB25F2C3BF0047F404 /* Frameworks */,
				7E7DB9FC25F2C3BF0047F404 /* Resources */,
			);
			buildRules = (
			);
			dependencies = (
			);
			name = "MVVM-2";
			productName = "MVVM-2";
			productReference = 7E7DB9FE25F2C3BF0047F404 /* MVVM-2.app */;
			productType = "com.apple.product-type.application";
		};
/* End PBXNativeTarget section */

/* Begin PBXProject section */
		7E7DB9F625F2C3BF0047F404 /* Project object */ = {
			isa = PBXProject;
			attributes = {
				LastSwiftUpdateCheck = 1220;
				LastUpgradeCheck = 1220;
				TargetAttributes = {
					7E7DB9FD25F2C3BF0047F404 = {
						CreatedOnToolsVersion = 12.2;
					};
				};
			};
			buildConfigurationList = 7E7DB9F925F2C3BF0047F404 /* Build configuration list for PBXProject "MVVM-2" */;
			compatibilityVersion = "Xcode 9.3";
			developmentRegion = en;
			hasScannedForEncodings = 0;
			knownRegions = (
				en,
				Base,
			);
			mainGroup = 7E7DB9F525F2C3BF0047F404;
			productRefGroup = 7E7DB9FF25F2C3BF0047F404 /* Products */;
			projectDirPath = "";
			projectRoot = "";
			targets = (
				7E7DB9FD25F2C3BF0047F404 /* MVVM-2 */,
			);
		};
/* End PBXProject section */

/* Begin PBXResourcesBuildPhase section */
		7E7DB9FC25F2C3BF0047F404 /* Resources */ = {
			isa = PBXResourcesBuildPhase;
			buildActionMask = 2147483647;
			files = (
				7E7DBA0E25F2C3C50047F404 /* LaunchScreen.storyboard in Resources */,
				7E7DBA0B25F2C3C50047F404 /* Assets.xcassets in Resources */,
				7E7DBA0925F2C3BF0047F404 /* Main.storyboard in Resources */,
			);
			runOnlyForDeploymentPostprocessing = 0;
		};
/* End PBXResourcesBuildPhase section */

/* Begin PBXSourcesBuildPhase section */
		7E7DB9FA25F2C3BF0047F404 /* Sources */ = {
			isa = PBXSourcesBuildPhase;
			buildActionMask = 2147483647;
			files = (
				7E8605EA25F3BFA300FFD66C /* TableViewCellViewModelType.swift in Sources */,
				7E7DBA1F25F2C9710047F404 /* TableViewCell.swift in Sources */,
				7E7DBA0225F2C3BF0047F404 /* AppDelegate.swift in Sources */,
				7E7DBA1C25F2C65B0047F404 /* Profile.swift in Sources */,
				7E7DBA1825F2C4D40047F404 /* TableViewController.swift in Sources */,
				7E510A8025F3842D00C217F9 /* TableViewViewModelType.swift in Sources */,
				7E00132325F4EF1E001E9DEA /* DetailViewModelType.swift in Sources */,
				7E00132625F4EFFD001E9DEA /* DetailViewModel.swift in Sources */,
				7E510A7D25F3838000C217F9 /* ViewModel.swift in Sources */,
				7E00132025F4EE07001E9DEA /* DetailViewController.swift in Sources */,
				7E8605ED25F3C0D400FFD66C /* TableViewCellViewModel.swift in Sources */,
				7E7DBA0425F2C3BF0047F404 /* SceneDelegate.swift in Sources */,
			);
			runOnlyForDeploymentPostprocessing = 0;
		};
/* End PBXSourcesBuildPhase section */

/* Begin PBXVariantGroup section */
		7E7DBA0725F2C3BF0047F404 /* Main.storyboard */ = {
			isa = PBXVariantGroup;
			children = (
				7E7DBA0825F2C3BF0047F404 /* Base */,
			);
			name = Main.storyboard;
			sourceTree = "<group>";
		};
		7E7DBA0C25F2C3C50047F404 /* LaunchScreen.storyboard */ = {
			isa = PBXVariantGroup;
			children = (
				7E7DBA0D25F2C3C50047F404 /* Base */,
			);
			name = LaunchScreen.storyboard;
			sourceTree = "<group>";
		};
/* End PBXVariantGroup section */

/* Begin XCBuildConfiguration section */
		7E7DBA1025F2C3C50047F404 /* Debug */ = {
			isa = XCBuildConfiguration;
			buildSettings = {
				ALWAYS_SEARCH_USER_PATHS = NO;
				CLANG_ANALYZER_NONNULL = YES;
				CLANG_ANALYZER_NUMBER_OBJECT_CONVERSION = YES_AGGRESSIVE;
				CLANG_CXX_LANGUAGE_STANDARD = "gnu++14";
				CLANG_CXX_LIBRARY = "libc++";
				CLANG_ENABLE_MODULES = YES;
				CLANG_ENABLE_OBJC_ARC = YES;
				CLANG_ENABLE_OBJC_WEAK = YES;
				CLANG_WARN_BLOCK_CAPTURE_AUTORELEASING = YES;
				CLANG_WARN_BOOL_CONVERSION = YES;
				CLANG_WARN_COMMA = YES;
				CLANG_WARN_CONSTANT_CONVERSION = YES;
				CLANG_WARN_DEPRECATED_OBJC_IMPLEMENTATIONS = YES;
				CLANG_WARN_DIRECT_OBJC_ISA_USAGE = YES_ERROR;
				CLANG_WARN_DOCUMENTATION_COMMENTS = YES;
				CLANG_WARN_EMPTY_BODY = YES;
				CLANG_WARN_ENUM_CONVERSION = YES;
				CLANG_WARN_INFINITE_RECURSION = YES;
				CLANG_WARN_INT_CONVERSION = YES;
				CLANG_WARN_NON_LITERAL_NULL_CONVERSION = YES;
				CLANG_WARN_OBJC_IMPLICIT_RETAIN_SELF = YES;
				CLANG_WARN_OBJC_LITERAL_CONVERSION = YES;
				CLANG_WARN_OBJC_ROOT_CLASS = YES_ERROR;
				CLANG_WARN_QUOTED_INCLUDE_IN_FRAMEWORK_HEADER = YES;
				CLANG_WARN_RANGE_LOOP_ANALYSIS = YES;
				CLANG_WARN_STRICT_PROTOTYPES = YES;
				CLANG_WARN_SUSPICIOUS_MOVE = YES;
				CLANG_WARN_UNGUARDED_AVAILABILITY = YES_AGGRESSIVE;
				CLANG_WARN_UNREACHABLE_CODE = YES;
				CLANG_WARN__DUPLICATE_METHOD_MATCH = YES;
				COPY_PHASE_STRIP = NO;
				DEBUG_INFORMATION_FORMAT = dwarf;
				ENABLE_STRICT_OBJC_MSGSEND = YES;
				ENABLE_TESTABILITY = YES;
				GCC_C_LANGUAGE_STANDARD = gnu11;
				GCC_DYNAMIC_NO_PIC = NO;
				GCC_NO_COMMON_BLOCKS = YES;
				GCC_OPTIMIZATION_LEVEL = 0;
				GCC_PREPROCESSOR_DEFINITIONS = (
					"DEBUG=1",
					"$(inherited)",
				);
				GCC_WARN_64_TO_32_BIT_CONVERSION = YES;
				GCC_WARN_ABOUT_RETURN_TYPE = YES_ERROR;
				GCC_WARN_UNDECLARED_SELECTOR = YES;
				GCC_WARN_UNINITIALIZED_AUTOS = YES_AGGRESSIVE;
				GCC_WARN_UNUSED_FUNCTION = YES;
				GCC_WARN_UNUSED_VARIABLE = YES;
				IPHONEOS_DEPLOYMENT_TARGET = 14.2;
				MTL_ENABLE_DEBUG_INFO = INCLUDE_SOURCE;
				MTL_FAST_MATH = YES;
				ONLY_ACTIVE_ARCH = YES;
				SDKROOT = iphoneos;
				SWIFT_ACTIVE_COMPILATION_CONDITIONS = DEBUG;
				SWIFT_OPTIMIZATION_LEVEL = "-Onone";
			};
			name = Debug;
		};
		7E7DBA1125F2C3C50047F404 /* Release */ = {
			isa = XCBuildConfiguration;
			buildSettings = {
				ALWAYS_SEARCH_USER_PATHS = NO;
				CLANG_ANALYZER_NONNULL = YES;
				CLANG_ANALYZER_NUMBER_OBJECT_CONVERSION = YES_AGGRESSIVE;
				CLANG_CXX_LANGUAGE_STANDARD = "gnu++14";
				CLANG_CXX_LIBRARY = "libc++";
				CLANG_ENABLE_MODULES = YES;
				CLANG_ENABLE_OBJC_ARC = YES;
				CLANG_ENABLE_OBJC_WEAK = YES;
				CLANG_WARN_BLOCK_CAPTURE_AUTORELEASING = YES;
				CLANG_WARN_BOOL_CONVERSION = YES;
				CLANG_WARN_COMMA = YES;
				CLANG_WARN_CONSTANT_CONVERSION = YES;
				CLANG_WARN_DEPRECATED_OBJC_IMPLEMENTATIONS = YES;
				CLANG_WARN_DIRECT_OBJC_ISA_USAGE = YES_ERROR;
				CLANG_WARN_DOCUMENTATION_COMMENTS = YES;
				CLANG_WARN_EMPTY_BODY = YES;
				CLANG_WARN_ENUM_CONVERSION = YES;
				CLANG_WARN_INFINITE_RECURSION = YES;
				CLANG_WARN_INT_CONVERSION = YES;
				CLANG_WARN_NON_LITERAL_NULL_CONVERSION = YES;
				CLANG_WARN_OBJC_IMPLICIT_RETAIN_SELF = YES;
				CLANG_WARN_OBJC_LITERAL_CONVERSION = YES;
				CLANG_WARN_OBJC_ROOT_CLASS = YES_ERROR;
				CLANG_WARN_QUOTED_INCLUDE_IN_FRAMEWORK_HEADER = YES;
				CLANG_WARN_RANGE_LOOP_ANALYSIS = YES;
				CLANG_WARN_STRICT_PROTOTYPES = YES;
				CLANG_WARN_SUSPICIOUS_MOVE = YES;
				CLANG_WARN_UNGUARDED_AVAILABILITY = YES_AGGRESSIVE;
				CLANG_WARN_UNREACHABLE_CODE = YES;
				CLANG_WARN__DUPLICATE_METHOD_MATCH = YES;
				COPY_PHASE_STRIP = NO;
				DEBUG_INFORMATION_FORMAT = "dwarf-with-dsym";
				ENABLE_NS_ASSERTIONS = NO;
				ENABLE_STRICT_OBJC_MSGSEND = YES;
				GCC_C_LANGUAGE_STANDARD = gnu11;
				GCC_NO_COMMON_BLOCKS = YES;
				GCC_WARN_64_TO_32_BIT_CONVERSION = YES;
				GCC_WARN_ABOUT_RETURN_TYPE = YES_ERROR;
				GCC_WARN_UNDECLARED_SELECTOR = YES;
				GCC_WARN_UNINITIALIZED_AUTOS = YES_AGGRESSIVE;
				GCC_WARN_UNUSED_FUNCTION = YES;
				GCC_WARN_UNUSED_VARIABLE = YES;
				IPHONEOS_DEPLOYMENT_TARGET = 14.2;
				MTL_ENABLE_DEBUG_INFO = NO;
				MTL_FAST_MATH = YES;
				SDKROOT = iphoneos;
				SWIFT_COMPILATION_MODE = wholemodule;
				SWIFT_OPTIMIZATION_LEVEL = "-O";
				VALIDATE_PRODUCT = YES;
			};
			name = Release;
		};
		7E7DBA1325F2C3C50047F404 /* Debug */ = {
			isa = XCBuildConfiguration;
			buildSettings = {
				ASSETCATALOG_COMPILER_APPICON_NAME = AppIcon;
				ASSETCATALOG_COMPILER_GLOBAL_ACCENT_COLOR_NAME = AccentColor;
				CODE_SIGN_STYLE = Automatic;
				INFOPLIST_FILE = "MVVM-2/Supporting Files/Info.plist";
				LD_RUNPATH_SEARCH_PATHS = (
					"$(inherited)",
					"@executable_path/Frameworks",
				);
				PRODUCT_BUNDLE_IDENTIFIER = "eldaroid.MVVM-2";
				PRODUCT_NAME = "$(TARGET_NAME)";
				SWIFT_VERSION = 5.0;
				TARGETED_DEVICE_FAMILY = "1,2";
			};
			name = Debug;
		};
		7E7DBA1425F2C3C50047F404 /* Release */ = {
			isa = XCBuildConfiguration;
			buildSettings = {
				ASSETCATALOG_COMPILER_APPICON_NAME = AppIcon;
				ASSETCATALOG_COMPILER_GLOBAL_ACCENT_COLOR_NAME = AccentColor;
				CODE_SIGN_STYLE = Automatic;
				INFOPLIST_FILE = "MVVM-2/Supporting Files/Info.plist";
				LD_RUNPATH_SEARCH_PATHS = (
					"$(inherited)",
					"@executable_path/Frameworks",
				);
				PRODUCT_BUNDLE_IDENTIFIER = "eldaroid.MVVM-2";
				PRODUCT_NAME = "$(TARGET_NAME)";
				SWIFT_VERSION = 5.0;
				TARGETED_DEVICE_FAMILY = "1,2";
			};
			name = Release;
		};
/* End XCBuildConfiguration section */

/* Begin XCConfigurationList section */
		7E7DB9F925F2C3BF0047F404 /* Build configuration list for PBXProject "MVVM-2" */ = {
			isa = XCConfigurationList;
			buildConfigurations = (
				7E7DBA1025F2C3C50047F404 /* Debug */,
				7E7DBA1125F2C3C50047F404 /* Release */,
			);
			defaultConfigurationIsVisible = 0;
			defaultConfigurationName = Release;
		};
		7E7DBA1225F2C3C50047F404 /* Build configuration list for PBXNativeTarget "MVVM-2" */ = {
			isa = XCConfigurationList;
			buildConfigurations = (
				7E7DBA1325F2C3C50047F404 /* Debug */,
				7E7DBA1425F2C3C50047F404 /* Release */,
			);
			defaultConfigurationIsVisible = 0;
			defaultConfigurationName = Release;
		};
/* End XCConfigurationList section */
	};
	rootObject = 7E7DB9F625F2C3BF0047F404 /* Project object */;
}
